{
  "nodes": {
    "nixpkgs": {
      "locked": {
        "lastModified": 1734627754,
        "narHash": "sha256-IlpjGUr91wQG67YZ+/W28vbZL3LOx97LzMAG+r5OKkE=",
        "owner": "NixOS",
        "repo": "nixpkgs",
        "rev": "98dd0ae04cf3052b93074ebff8e1f564f9518405",
        "type": "github"
      },
      "original": {
        "owner": "NixOS",
        "repo": "nixpkgs",
        "type": "github"
      }
    },
    "root": {
      "inputs": {
        "nixpkgs": "nixpkgs"
      }
    }
  },
  "root": "root",
  "version": 7
}
